
Microsoft Visual Studio Solution File, Format Version 12.00
# Visual Studio Version 17
VisualStudioVersion = 17.5.33516.290
MinimumVisualStudioVersion = 10.0.40219.1
Project("{FAE04EC0-301F-11D3-BF4B-00C04F79EFBC}") = "PMU", "PMU.csproj", "{4EEAFFF8-70CE-458B-A7D2-3776F9A6ACFC}"
EndProject
Global
	GlobalSection(SolutionConfigurationPlatforms) = preSolution
		Debug|Any CPU = Debug|Any CPU
		Release|Any CPU = Release|Any CPU
	EndGlobalSection
	GlobalSection(ProjectConfigurationPlatforms) = postSolution
		{4EEAFFF8-70CE-458B-A7D2-3776F9A6ACFC}.Debug|Any CPU.ActiveCfg = Debug|Any CPU
		{4EEAFFF8-70CE-458B-A7D2-3776F9A6ACFC}.Debug|Any CPU.Build.0 = Debug|Any CPU
		{4EEAFFF8-70CE-458B-A7D2-3776F9A6ACFC}.Release|Any CPU.ActiveCfg = Release|Any CPU
		{4EEAFFF8-70CE-458B-A7D2-3776F9A6ACFC}.Release|Any CPU.Build.0 = Release|Any CPU
	EndGlobalSection
	GlobalSection(SolutionProperties) = preSolution
		HideSolutionNode = FALSE
	EndGlobalSection
	GlobalSection(ExtensibilityGlobals) = postSolution
		SolutionGuid = {C8117BF3-9CC5-4E3F-8926-33235700F922}
	EndGlobalSection
EndGlobal
